
Microsoft Visual Studio Solution File, Format Version 12.00
# Visual Studio 15
VisualStudioVersion = 15.0.26430.6
MinimumVisualStudioVersion = 10.0.40219.1
Project("{FAE04EC0-301F-11D3-BF4B-00C04F79EFBC}") = "WeatherApp.Web", "WeatherApp.Web\WeatherApp.Web.csproj", "{DEC65558-285F-427D-B3F3-743034A34491}"
EndProject
Project("{FAE04EC0-301F-11D3-BF4B-00C04F79EFBC}") = "WeatherApp.Core", "WeatherApp.Core\WeatherApp.Core.csproj", "{29454C79-ADE0-4C2F-B69F-8D41ABACD551}"
EndProject
Project("{FAE04EC0-301F-11D3-BF4B-00C04F79EFBC}") = "WeatherApp.Infrastructure", "WeatherApp.Infrastructure\WeatherApp.Infrastructure.csproj", "{6B655D14-FAFF-4F98-885A-759E677398B5}"
EndProject
Project("{FAE04EC0-301F-11D3-BF4B-00C04F79EFBC}") = "WeatherApp.Test", "WeatherApp.Test\WeatherApp.Test.csproj", "{37BD92A7-383C-4260-A837-25E48FE514B6}"
EndProject
Global
	GlobalSection(SolutionConfigurationPlatforms) = preSolution
		Debug|Any CPU = Debug|Any CPU
		Release|Any CPU = Release|Any CPU
	EndGlobalSection
	GlobalSection(ProjectConfigurationPlatforms) = postSolution
		{DEC65558-285F-427D-B3F3-743034A34491}.Debug|Any CPU.ActiveCfg = Debug|Any CPU
		{DEC65558-285F-427D-B3F3-743034A34491}.Debug|Any CPU.Build.0 = Debug|Any CPU
		{DEC65558-285F-427D-B3F3-743034A34491}.Release|Any CPU.ActiveCfg = Release|Any CPU
		{DEC65558-285F-427D-B3F3-743034A34491}.Release|Any CPU.Build.0 = Release|Any CPU
		{29454C79-ADE0-4C2F-B69F-8D41ABACD551}.Debug|Any CPU.ActiveCfg = Debug|Any CPU
		{29454C79-ADE0-4C2F-B69F-8D41ABACD551}.Debug|Any CPU.Build.0 = Debug|Any CPU
		{29454C79-ADE0-4C2F-B69F-8D41ABACD551}.Release|Any CPU.ActiveCfg = Release|Any CPU
		{29454C79-ADE0-4C2F-B69F-8D41ABACD551}.Release|Any CPU.Build.0 = Release|Any CPU
		{6B655D14-FAFF-4F98-885A-759E677398B5}.Debug|Any CPU.ActiveCfg = Debug|Any CPU
		{6B655D14-FAFF-4F98-885A-759E677398B5}.Debug|Any CPU.Build.0 = Debug|Any CPU
		{6B655D14-FAFF-4F98-885A-759E677398B5}.Release|Any CPU.ActiveCfg = Release|Any CPU
		{6B655D14-FAFF-4F98-885A-759E677398B5}.Release|Any CPU.Build.0 = Release|Any CPU
		{37BD92A7-383C-4260-A837-25E48FE514B6}.Debug|Any CPU.ActiveCfg = Debug|Any CPU
		{37BD92A7-383C-4260-A837-25E48FE514B6}.Debug|Any CPU.Build.0 = Debug|Any CPU
		{37BD92A7-383C-4260-A837-25E48FE514B6}.Release|Any CPU.ActiveCfg = Release|Any CPU
		{37BD92A7-383C-4260-A837-25E48FE514B6}.Release|Any CPU.Build.0 = Release|Any CPU
	EndGlobalSection
	GlobalSection(SolutionProperties) = preSolution
		HideSolutionNode = FALSE
	EndGlobalSection
EndGlobal
